{
  "name": "@basilest-ch/ch-node-utils",
  "version": "1.5.5",
  "lockfileVersion": 1,
  "requires": true,
  "dependencies": {
    "@babel/runtime": {
      "version": "7.22.11",
      "resolved": "https://registry.npmjs.org/@babel/runtime/-/runtime-7.22.11.tgz",
      "integrity": "sha512-ee7jVNlWN09+KftVOu9n7S8gQzD/Z6hN/I8VBRXW4P1+Xe7kJGXMwu8vds4aGIMHZnNbdpSWCfZZtinytpcAvA==",
      "requires": {
        "regenerator-runtime": "^0.14.0"
      }
    },
    "i18next": {
      "version": "23.4.6",
      "resolved": "https://registry.npmjs.org/i18next/-/i18next-23.4.6.tgz",
      "integrity": "sha512-jBE8bui969Ygv7TVYp0pwDZB7+he0qsU+nz7EcfdqSh+QvKjEfl9YPRQd/KrGiMhTYFGkeuPaeITenKK/bSFDg==",
      "requires": {
        "@babel/runtime": "^7.22.5"
      }
    },
    "i18next-fs-backend": {
      "version": "2.1.5",
      "resolved": "https://registry.npmjs.org/i18next-fs-backend/-/i18next-fs-backend-2.1.5.tgz",
      "integrity": "sha512-7fgSH8nVhXSBYPHR/W3tEXXhcnwHwNiND4Dfx9knzPzdsWTUTL/TdDVV+DY0dL0asHKLbdoJaXS4LdVW6R8MVQ=="
    },
    "iso-639-1": {
      "version": "3.0.0",
      "resolved": "https://registry.npmjs.org/iso-639-1/-/iso-639-1-3.0.0.tgz",
      "integrity": "sha512-LAfsZtvpoUcowRhEzltbp7U3MUEq2kUp1JlQ1fJ1FrIpr8e3r+68UTGWdnUQ1umEZ/oTY/YworSeZyFUly3MVg=="
    },
    "regenerator-runtime": {
      "version": "0.14.0",
      "resolved": "https://registry.npmjs.org/regenerator-runtime/-/regenerator-runtime-0.14.0.tgz",
      "integrity": "sha512-srw17NI0TUWHuGa5CFGGmhfNIeja30WMBfbslPNhf6JrqQlLN5gcrvig1oqPxiVaXb0oW0XRKtH6Nngs5lKCIA=="
    }
  }
}
